
Microsoft Visual Studio Solution File, Format Version 12.00
# Visual Studio Version 16
VisualStudioVersion = 16.0.29613.14
MinimumVisualStudioVersion = 10.0.40219.1
Project("{9A19103F-16F7-4668-BE54-9A1E7A4F7556}") = "CorsairTemperatureAlert", "CorsairTemperatureAlert\CorsairTemperatureAlert.csproj", "{1F769318-B1F8-4A7E-AB47-197049E92565}"
EndProject
Global
	GlobalSection(SolutionConfigurationPlatforms) = preSolution
		Debug|Any CPU = Debug|Any CPU
		Release|Any CPU = Release|Any CPU
	EndGlobalSection
	GlobalSection(ProjectConfigurationPlatforms) = postSolution
		{1F769318-B1F8-4A7E-AB47-197049E92565}.Debug|Any CPU.ActiveCfg = Debug|Any CPU
		{1F769318-B1F8-4A7E-AB47-197049E92565}.Debug|Any CPU.Build.0 = Debug|Any CPU
		{1F769318-B1F8-4A7E-AB47-197049E92565}.Release|Any CPU.ActiveCfg = Release|Any CPU
		{1F769318-B1F8-4A7E-AB47-197049E92565}.Release|Any CPU.Build.0 = Release|Any CPU
	EndGlobalSection
	GlobalSection(SolutionProperties) = preSolution
		HideSolutionNode = FALSE
	EndGlobalSection
	GlobalSection(ExtensibilityGlobals) = postSolution
		SolutionGuid = {C59E7B26-4E53-4E19-A27B-0383C3092B62}
	EndGlobalSection
EndGlobal
